# THIS IS AN AUTOGENERATED FILE. DO NOT EDIT THIS FILE DIRECTLY.
# yarn lockfile v1


lodash@^4.17.15:
  version "4.17.15"
  resolved "http://artifactory.cobalt.com:80/artifactory/api/npm/npm-repo/lodash/-/lodash-4.17.15.tgz#b447f6670a0455bbfeedd11392eff330ea097548"
  integrity sha1-tEf2ZwoEVbv+7dETku/zMOoJdUg=

moment@^2.25.3:
  version "2.25.3"
  resolved "http://artifactory.cobalt.com:80/artifactory/api/npm/npm-repo/moment/-/moment-2.25.3.tgz#252ff41319cf41e47761a1a88cab30edfe9808c0"
  integrity sha1-JS/0ExnPQeR3YaGojKsw7f6YCMA=
